{
  "originHash" : "81885bb3140db65b60d49b968c4ee86c7b9458a1c71a4f67eca5fc63dc5003df",
  "pins" : [
    {
      "identity" : "composekit",
      "kind" : "remoteSourceControl",
      "location" : "https://github.com/flaticols/ComposeKit.git",
      "state" : {
        "branch" : "main",
        "revision" : "2e6ba821f982b807d912a72ed00225ac83f8a7a9"
      }
    },
    {
      "identity" : "swift-argument-parser",
      "kind" : "remoteSourceControl",
      "location" : "https://github.com/apple/swift-argument-parser.git",
      "state" : {
        "revision" : "6a52f3251125d74daf04fcbd5e6f08a75d074382",
        "version" : "1.8.2"
      }
    },
    {
      "identity" : "yams",
      "kind" : "remoteSourceControl",
      "location" : "https://github.com/jpsim/Yams.git",
      "state" : {
        "revision" : "3d6871d5b4a5cd519adf233fbb576e0a2af71c17",
        "version" : "5.4.0"
      }
    }
  ],
  "version" : 3
}
