{
  "originHash" : "21b48eca92aa32edabefea3aad8e5fc0b08003492ffb44c837c804cd3071a319",
  "pins" : [
    {
      "identity" : "composekit",
      "kind" : "remoteSourceControl",
      "location" : "https://github.com/flaticols/ComposeKit.git",
      "state" : {
        "revision" : "21e8aa35631dde71094a556984e5daf7432b7f8e",
        "version" : "0.0.1"
      }
    },
    {
      "identity" : "swift-argument-parser",
      "kind" : "remoteSourceControl",
      "location" : "https://github.com/apple/swift-argument-parser.git",
      "state" : {
        "revision" : "6a52f3251125d74daf04fcbd5e6f08a75d074382",
        "version" : "1.8.2"
      }
    },
    {
      "identity" : "yams",
      "kind" : "remoteSourceControl",
      "location" : "https://github.com/jpsim/Yams.git",
      "state" : {
        "revision" : "3d6871d5b4a5cd519adf233fbb576e0a2af71c17",
        "version" : "5.4.0"
      }
    }
  ],
  "version" : 3
}
