{
  "originHash" : "9d0e2d058da2319e03c8842735abcc9d2ae0880c2af840a388f748397f310fda",
  "pins" : [
    {
      "identity" : "composekit",
      "kind" : "remoteSourceControl",
      "location" : "https://github.com/flaticols/ComposeKit.git",
      "state" : {
        "revision" : "95ed40fe23e742746e8bb3f193351caeebe43b84",
        "version" : "0.0.2"
      }
    },
    {
      "identity" : "swift-argument-parser",
      "kind" : "remoteSourceControl",
      "location" : "https://github.com/apple/swift-argument-parser.git",
      "state" : {
        "revision" : "6a52f3251125d74daf04fcbd5e6f08a75d074382",
        "version" : "1.8.2"
      }
    },
    {
      "identity" : "yams",
      "kind" : "remoteSourceControl",
      "location" : "https://github.com/jpsim/Yams.git",
      "state" : {
        "revision" : "3d6871d5b4a5cd519adf233fbb576e0a2af71c17",
        "version" : "5.4.0"
      }
    }
  ],
  "version" : 3
}
